// !$*UTF8*$!
{
	archiveVersion = 1;
	classes = {
	};
	objectVersion = 56;
	objects = {

/* Begin PBXBuildFile section */
		6403C4AC2B26F838009D40DD /* MissionAppStoreApp.swift in Sources */ = {isa = PBXBuildFile; fileRef = 6403C4AB2B26F838009D40DD /* MissionAppStoreApp.swift */; };
		6403C4AE2B26F838009D40DD /* ContentView.swift in Sources */ = {isa = PBXBuildFile; fileRef = 6403C4AD2B26F838009D40DD /* ContentView.swift */; };
		6403C4B02B26F839009D40DD /* Assets.xcassets in Resources */ = {isa = PBXBuildFile; fileRef = 6403C4AF2B26F839009D40DD /* Assets.xcassets */; };
		6403C4B32B26F839009D40DD /* Preview Assets.xcassets in Resources */ = {isa = PBXBuildFile; fileRef = 6403C4B22B26F839009D40DD /* Preview Assets.xcassets */; };
		648184FB2B30C1E40057E6A0 /* Jour9Exo1.swift in Sources */ = {isa = PBXBuildFile; fileRef = 648184FA2B30C1E40057E6A0 /* Jour9Exo1.swift */; };
		648184FD2B30C52C0057E6A0 /* Jour9Exo2.swift in Sources */ = {isa = PBXBuildFile; fileRef = 648184FC2B30C52C0057E6A0 /* Jour9Exo2.swift */; };
		648184FF2B30C8490057E6A0 /* Jour10Postuler.swift in Sources */ = {isa = PBXBuildFile; fileRef = 648184FE2B30C8490057E6A0 /* Jour10Postuler.swift */; };
		648185012B30CAD40057E6A0 /* Jour10Switch.swift in Sources */ = {isa = PBXBuildFile; fileRef = 648185002B30CAD40057E6A0 /* Jour10Switch.swift */; };
		64E3BF532B2A31C500FF5C6A /* ProfileCell.swift in Sources */ = {isa = PBXBuildFile; fileRef = 64E3BF522B2A31C500FF5C6A /* ProfileCell.swift */; };
		64E3BF552B2A339000FF5C6A /* CustomButton.swift in Sources */ = {isa = PBXBuildFile; fileRef = 64E3BF542B2A339000FF5C6A /* CustomButton.swift */; };
/* End PBXBuildFile section */

/* Begin PBXFileReference section */
		6403C4A82B26F838009D40DD /* MissionAppStore.app */ = {isa = PBXFileReference; explicitFileType = wrapper.application; includeInIndex = 0; path = MissionAppStore.app; sourceTree = BUILT_PRODUCTS_DIR; };
		6403C4AB2B26F838009D40DD /* MissionAppStoreApp.swift */ = {isa = PBXFileReference; lastKnownFileType = sourcecode.swift; path = MissionAppStoreApp.swift; sourceTree = "<group>"; };
		6403C4AD2B26F838009D40DD /* ContentView.swift */ = {isa = PBXFileReference; lastKnownFileType = sourcecode.swift; path = ContentView.swift; sourceTree = "<group>"; };
		6403C4AF2B26F839009D40DD /* Assets.xcassets */ = {isa = PBXFileReference; lastKnownFileType = folder.assetcatalog; path = Assets.xcassets; sourceTree = "<group>"; };
		6403C4B22B26F839009D40DD /* Preview Assets.xcassets */ = {isa = PBXFileReference; lastKnownFileType = folder.assetcatalog; path = "Preview Assets.xcassets"; sourceTree = "<group>"; };
		648184FA2B30C1E40057E6A0 /* Jour9Exo1.swift */ = {isa = PBXFileReference; lastKnownFileType = sourcecode.swift; path = Jour9Exo1.swift; sourceTree = "<group>"; };
		648184FC2B30C52C0057E6A0 /* Jour9Exo2.swift */ = {isa = PBXFileReference; lastKnownFileType = sourcecode.swift; path = Jour9Exo2.swift; sourceTree = "<group>"; };
		648184FE2B30C8490057E6A0 /* Jour10Postuler.swift */ = {isa = PBXFileReference; lastKnownFileType = sourcecode.swift; path = Jour10Postuler.swift; sourceTree = "<group>"; };
		648185002B30CAD40057E6A0 /* Jour10Switch.swift */ = {isa = PBXFileReference; lastKnownFileType = sourcecode.swift; path = Jour10Switch.swift; sourceTree = "<group>"; };
		64E3BF522B2A31C500FF5C6A /* ProfileCell.swift */ = {isa = PBXFileReference; lastKnownFileType = sourcecode.swift; path = ProfileCell.swift; sourceTree = "<group>"; };
		64E3BF542B2A339000FF5C6A /* CustomButton.swift */ = {isa = PBXFileReference; lastKnownFileType = sourcecode.swift; path = CustomButton.swift; sourceTree = "<group>"; };
/* End PBXFileReference section */

/* Begin PBXFrameworksBuildPhase section */
		6403C4A52B26F838009D40DD /* Frameworks */ = {
			isa = PBXFrameworksBuildPhase;
			buildActionMask = 2147483647;
			files = (
			);
			runOnlyForDeploymentPostprocessing = 0;
		};
/* End PBXFrameworksBuildPhase section */

/* Begin PBXGroup section */
		6403C49F2B26F838009D40DD = {
			isa = PBXGroup;
			children = (
				6403C4AA2B26F838009D40DD /* MissionAppStore */,
				6403C4A92B26F838009D40DD /* Products */,
			);
			sourceTree = "<group>";
		};
		6403C4A92B26F838009D40DD /* Products */ = {
			isa = PBXGroup;
			children = (
				6403C4A82B26F838009D40DD /* MissionAppStore.app */,
			);
			name = Products;
			sourceTree = "<group>";
		};
		6403C4AA2B26F838009D40DD /* MissionAppStore */ = {
			isa = PBXGroup;
			children = (
				6403C4AB2B26F838009D40DD /* MissionAppStoreApp.swift */,
				64E3BF542B2A339000FF5C6A /* CustomButton.swift */,
				6403C4AD2B26F838009D40DD /* ContentView.swift */,
				64E3BF522B2A31C500FF5C6A /* ProfileCell.swift */,
				648184FA2B30C1E40057E6A0 /* Jour9Exo1.swift */,
				648184FC2B30C52C0057E6A0 /* Jour9Exo2.swift */,
				648184FE2B30C8490057E6A0 /* Jour10Postuler.swift */,
				648185002B30CAD40057E6A0 /* Jour10Switch.swift */,
				6403C4AF2B26F839009D40DD /* Assets.xcassets */,
				6403C4B12B26F839009D40DD /* Preview Content */,
			);
			path = MissionAppStore;
			sourceTree = "<group>";
		};
		6403C4B12B26F839009D40DD /* Preview Content */ = {
			isa = PBXGroup;
			children = (
				6403C4B22B26F839009D40DD /* Preview Assets.xcassets */,
			);
			path = "Preview Content";
			sourceTree = "<group>";
		};
/* End PBXGroup section */

/* Begin PBXNativeTarget section */
		6403C4A72B26F838009D40DD /* MissionAppStore */ = {
			isa = PBXNativeTarget;
			buildConfigurationList = 6403C4B62B26F839009D40DD /* Build configuration list for PBXNativeTarget "MissionAppStore" */;
			buildPhases = (
				6403C4A42B26F838009D40DD /* Sources */,
				6403C4A52B26F838009D40DD /* Frameworks */,
				6403C4A62B26F838009D40DD /* Resources */,
			);
			buildRules = (
			);
			dependencies = (
			);
			name = MissionAppStore;
			productName = MissionAppStore;
			productReference = 6403C4A82B26F838009D40DD /* MissionAppStore.app */;
			productType = "com.apple.product-type.application";
		};
/* End PBXNativeTarget section */

/* Begin PBXProject section */
		6403C4A02B26F838009D40DD /* Project object */ = {
			isa = PBXProject;
			attributes = {
				BuildIndependentTargetsInParallel = 1;
				LastSwiftUpdateCheck = 1500;
				LastUpgradeCheck = 1500;
				TargetAttributes = {
					6403C4A72B26F838009D40DD = {
						CreatedOnToolsVersion = 15.0;
					};
				};
			};
			buildConfigurationList = 6403C4A32B26F838009D40DD /* Build configuration list for PBXProject "MissionAppStore" */;
			compatibilityVersion = "Xcode 14.0";
			developmentRegion = en;
			hasScannedForEncodings = 0;
			knownRegions = (
				en,
				Base,
			);
			mainGroup = 6403C49F2B26F838009D40DD;
			productRefGroup = 6403C4A92B26F838009D40DD /* Products */;
			projectDirPath = "";
			projectRoot = "";
			targets = (
				6403C4A72B26F838009D40DD /* MissionAppStore */,
			);
		};
/* End PBXProject section */

/* Begin PBXResourcesBuildPhase section */
		6403C4A62B26F838009D40DD /* Resources */ = {
			isa = PBXResourcesBuildPhase;
			buildActionMask = 2147483647;
			files = (
				6403C4B32B26F839009D40DD /* Preview Assets.xcassets in Resources */,
				6403C4B02B26F839009D40DD /* Assets.xcassets in Resources */,
			);
			runOnlyForDeploymentPostprocessing = 0;
		};
/* End PBXResourcesBuildPhase section */

/* Begin PBXSourcesBuildPhase section */
		6403C4A42B26F838009D40DD /* Sources */ = {
			isa = PBXSourcesBuildPhase;
			buildActionMask = 2147483647;
			files = (
				648185012B30CAD40057E6A0 /* Jour10Switch.swift in Sources */,
				64E3BF552B2A339000FF5C6A /* CustomButton.swift in Sources */,
				64E3BF532B2A31C500FF5C6A /* ProfileCell.swift in Sources */,
				6403C4AE2B26F838009D40DD /* ContentView.swift in Sources */,
				6403C4AC2B26F838009D40DD /* MissionAppStoreApp.swift in Sources */,
				648184FB2B30C1E40057E6A0 /* Jour9Exo1.swift in Sources */,
				648184FD2B30C52C0057E6A0 /* Jour9Exo2.swift in Sources */,
				648184FF2B30C8490057E6A0 /* Jour10Postuler.swift in Sources */,
			);
			runOnlyForDeploymentPostprocessing = 0;
		};
/* End PBXSourcesBuildPhase section */

/* Begin XCBuildConfiguration section */
		6403C4B42B26F839009D40DD /* Debug */ = {
			isa = XCBuildConfiguration;
			buildSettings = {
				ALWAYS_SEARCH_USER_PATHS = NO;
				ASSETCATALOG_COMPILER_GENERATE_SWIFT_ASSET_SYMBOL_EXTENSIONS = YES;
				CLANG_ANALYZER_NONNULL = YES;
				CLANG_ANALYZER_NUMBER_OBJECT_CONVERSION = YES_AGGRESSIVE;
				CLANG_CXX_LANGUAGE_STANDARD = "gnu++20";
				CLANG_ENABLE_MODULES = YES;
				CLANG_ENABLE_OBJC_ARC = YES;
				CLANG_ENABLE_OBJC_WEAK = YES;
				CLANG_WARN_BLOCK_CAPTURE_AUTORELEASING = YES;
				CLANG_WARN_BOOL_CONVERSION = YES;
				CLANG_WARN_COMMA = YES;
				CLANG_WARN_CONSTANT_CONVERSION = YES;
				CLANG_WARN_DEPRECATED_OBJC_IMPLEMENTATIONS = YES;
				CLANG_WARN_DIRECT_OBJC_ISA_USAGE = YES_ERROR;
				CLANG_WARN_DOCUMENTATION_COMMENTS = YES;
				CLANG_WARN_EMPTY_BODY = YES;
				CLANG_WARN_ENUM_CONVERSION = YES;
				CLANG_WARN_INFINITE_RECURSION = YES;
				CLANG_WARN_INT_CONVERSION = YES;
				CLANG_WARN_NON_LITERAL_NULL_CONVERSION = YES;
				CLANG_WARN_OBJC_IMPLICIT_RETAIN_SELF = YES;
				CLANG_WARN_OBJC_LITERAL_CONVERSION = YES;
				CLANG_WARN_OBJC_ROOT_CLASS = YES_ERROR;
				CLANG_WARN_QUOTED_INCLUDE_IN_FRAMEWORK_HEADER = YES;
				CLANG_WARN_RANGE_LOOP_ANALYSIS = YES;
				CLANG_WARN_STRICT_PROTOTYPES = YES;
				CLANG_WARN_SUSPICIOUS_MOVE = YES;
				CLANG_WARN_UNGUARDED_AVAILABILITY = YES_AGGRESSIVE;
				CLANG_WARN_UNREACHABLE_CODE = YES;
				CLANG_WARN__DUPLICATE_METHOD_MATCH = YES;
				COPY_PHASE_STRIP = NO;
				DEBUG_INFORMATION_FORMAT = dwarf;
				ENABLE_STRICT_OBJC_MSGSEND = YES;
				ENABLE_TESTABILITY = YES;
				ENABLE_USER_SCRIPT_SANDBOXING = YES;
				GCC_C_LANGUAGE_STANDARD = gnu17;
				GCC_DYNAMIC_NO_PIC = NO;
				GCC_NO_COMMON_BLOCKS = YES;
				GCC_OPTIMIZATION_LEVEL = 0;
				GCC_PREPROCESSOR_DEFINITIONS = (
					"DEBUG=1",
					"$(inherited)",
				);
				GCC_WARN_64_TO_32_BIT_CONVERSION = YES;
				GCC_WARN_ABOUT_RETURN_TYPE = YES_ERROR;
				GCC_WARN_UNDECLARED_SELECTOR = YES;
				GCC_WARN_UNINITIALIZED_AUTOS = YES_AGGRESSIVE;
				GCC_WARN_UNUSED_FUNCTION = YES;
				GCC_WARN_UNUSED_VARIABLE = YES;
				IPHONEOS_DEPLOYMENT_TARGET = 17.0;
				LOCALIZATION_PREFERS_STRING_CATALOGS = YES;
				MTL_ENABLE_DEBUG_INFO = INCLUDE_SOURCE;
				MTL_FAST_MATH = YES;
				ONLY_ACTIVE_ARCH = YES;
				SDKROOT = iphoneos;
				SWIFT_ACTIVE_COMPILATION_CONDITIONS = "DEBUG $(inherited)";
				SWIFT_OPTIMIZATION_LEVEL = "-Onone";
			};
			name = Debug;
		};
		6403C4B52B26F839009D40DD /* Release */ = {
			isa = XCBuildConfiguration;
			buildSettings = {
				ALWAYS_SEARCH_USER_PATHS = NO;
				ASSETCATALOG_COMPILER_GENERATE_SWIFT_ASSET_SYMBOL_EXTENSIONS = YES;
				CLANG_ANALYZER_NONNULL = YES;
				CLANG_ANALYZER_NUMBER_OBJECT_CONVERSION = YES_AGGRESSIVE;
				CLANG_CXX_LANGUAGE_STANDARD = "gnu++20";
				CLANG_ENABLE_MODULES = YES;
				CLANG_ENABLE_OBJC_ARC = YES;
				CLANG_ENABLE_OBJC_WEAK = YES;
				CLANG_WARN_BLOCK_CAPTURE_AUTORELEASING = YES;
				CLANG_WARN_BOOL_CONVERSION = YES;
				CLANG_WARN_COMMA = YES;
				CLANG_WARN_CONSTANT_CONVERSION = YES;
				CLANG_WARN_DEPRECATED_OBJC_IMPLEMENTATIONS = YES;
				CLANG_WARN_DIRECT_OBJC_ISA_USAGE = YES_ERROR;
				CLANG_WARN_DOCUMENTATION_COMMENTS = YES;
				CLANG_WARN_EMPTY_BODY = YES;
				CLANG_WARN_ENUM_CONVERSION = YES;
				CLANG_WARN_INFINITE_RECURSION = YES;
				CLANG_WARN_INT_CONVERSION = YES;
				CLANG_WARN_NON_LITERAL_NULL_CONVERSION = YES;
				CLANG_WARN_OBJC_IMPLICIT_RETAIN_SELF = YES;
				CLANG_WARN_OBJC_LITERAL_CONVERSION = YES;
				CLANG_WARN_OBJC_ROOT_CLASS = YES_ERROR;
				CLANG_WARN_QUOTED_INCLUDE_IN_FRAMEWORK_HEADER = YES;
				CLANG_WARN_RANGE_LOOP_ANALYSIS = YES;
				CLANG_WARN_STRICT_PROTOTYPES = YES;
				CLANG_WARN_SUSPICIOUS_MOVE = YES;
				CLANG_WARN_UNGUARDED_AVAILABILITY = YES_AGGRESSIVE;
				CLANG_WARN_UNREACHABLE_CODE = YES;
				CLANG_WARN__DUPLICATE_METHOD_MATCH = YES;
				COPY_PHASE_STRIP = NO;
				DEBUG_INFORMATION_FORMAT = "dwarf-with-dsym";
				ENABLE_NS_ASSERTIONS = NO;
				ENABLE_STRICT_OBJC_MSGSEND = YES;
				ENABLE_USER_SCRIPT_SANDBOXING = YES;
				GCC_C_LANGUAGE_STANDARD = gnu17;
				GCC_NO_COMMON_BLOCKS = YES;
				GCC_WARN_64_TO_32_BIT_CONVERSION = YES;
				GCC_WARN_ABOUT_RETURN_TYPE = YES_ERROR;
				GCC_WARN_UNDECLARED_SELECTOR = YES;
				GCC_WARN_UNINITIALIZED_AUTOS = YES_AGGRESSIVE;
				GCC_WARN_UNUSED_FUNCTION = YES;
				GCC_WARN_UNUSED_VARIABLE = YES;
				IPHONEOS_DEPLOYMENT_TARGET = 17.0;
				LOCALIZATION_PREFERS_STRING_CATALOGS = YES;
				MTL_ENABLE_DEBUG_INFO = NO;
				MTL_FAST_MATH = YES;
				SDKROOT = iphoneos;
				SWIFT_COMPILATION_MODE = wholemodule;
				VALIDATE_PRODUCT = YES;
			};
			name = Release;
		};
		6403C4B72B26F839009D40DD /* Debug */ = {
			isa = XCBuildConfiguration;
			buildSettings = {
				ASSETCATALOG_COMPILER_APPICON_NAME = AppIcon;
				ASSETCATALOG_COMPILER_GLOBAL_ACCENT_COLOR_NAME = AccentColor;
				CODE_SIGN_STYLE = Automatic;
				CURRENT_PROJECT_VERSION = 1;
				DEVELOPMENT_ASSET_PATHS = "\"MissionAppStore/Preview Content\"";
				ENABLE_PREVIEWS = YES;
				GENERATE_INFOPLIST_FILE = YES;
				INFOPLIST_KEY_UIApplicationSceneManifest_Generation = YES;
				INFOPLIST_KEY_UIApplicationSupportsIndirectInputEvents = YES;
				INFOPLIST_KEY_UILaunchScreen_Generation = YES;
				INFOPLIST_KEY_UISupportedInterfaceOrientations_iPad = "UIInterfaceOrientationPortrait UIInterfaceOrientationPortraitUpsideDown UIInterfaceOrientationLandscapeLeft UIInterfaceOrientationLandscapeRight";
				INFOPLIST_KEY_UISupportedInterfaceOrientations_iPhone = "UIInterfaceOrientationPortrait UIInterfaceOrientationLandscapeLeft UIInterfaceOrientationLandscapeRight";
				LD_RUNPATH_SEARCH_PATHS = (
					"$(inherited)",
					"@executable_path/Frameworks",
				);
				MARKETING_VERSION = 1.0;
				PRODUCT_BUNDLE_IDENTIFIER = com.quentin.MissionAppStore;
				PRODUCT_NAME = "$(TARGET_NAME)";
				SWIFT_EMIT_LOC_STRINGS = YES;
				SWIFT_VERSION = 5.0;
				TARGETED_DEVICE_FAMILY = "1,2";
			};
			name = Debug;
		};
		6403C4B82B26F839009D40DD /* Release */ = {
			isa = XCBuildConfiguration;
			buildSettings = {
				ASSETCATALOG_COMPILER_APPICON_NAME = AppIcon;
				ASSETCATALOG_COMPILER_GLOBAL_ACCENT_COLOR_NAME = AccentColor;
				CODE_SIGN_STYLE = Automatic;
				CURRENT_PROJECT_VERSION = 1;
				DEVELOPMENT_ASSET_PATHS = "\"MissionAppStore/Preview Content\"";
				ENABLE_PREVIEWS = YES;
				GENERATE_INFOPLIST_FILE = YES;
				INFOPLIST_KEY_UIApplicationSceneManifest_Generation = YES;
				INFOPLIST_KEY_UIApplicationSupportsIndirectInputEvents = YES;
				INFOPLIST_KEY_UILaunchScreen_Generation = YES;
				INFOPLIST_KEY_UISupportedInterfaceOrientations_iPad = "UIInterfaceOrientationPortrait UIInterfaceOrientationPortraitUpsideDown UIInterfaceOrientationLandscapeLeft UIInterfaceOrientationLandscapeRight";
				INFOPLIST_KEY_UISupportedInterfaceOrientations_iPhone = "UIInterfaceOrientationPortrait UIInterfaceOrientationLandscapeLeft UIInterfaceOrientationLandscapeRight";
				LD_RUNPATH_SEARCH_PATHS = (
					"$(inherited)",
					"@executable_path/Frameworks",
				);
				MARKETING_VERSION = 1.0;
				PRODUCT_BUNDLE_IDENTIFIER = com.quentin.MissionAppStore;
				PRODUCT_NAME = "$(TARGET_NAME)";
				SWIFT_EMIT_LOC_STRINGS = YES;
				SWIFT_VERSION = 5.0;
				TARGETED_DEVICE_FAMILY = "1,2";
			};
			name = Release;
		};
/* End XCBuildConfiguration section */

/* Begin XCConfigurationList section */
		6403C4A32B26F838009D40DD /* Build configuration list for PBXProject "MissionAppStore" */ = {
			isa = XCConfigurationList;
			buildConfigurations = (
				6403C4B42B26F839009D40DD /* Debug */,
				6403C4B52B26F839009D40DD /* Release */,
			);
			defaultConfigurationIsVisible = 0;
			defaultConfigurationName = Release;
		};
		6403C4B62B26F839009D40DD /* Build configuration list for PBXNativeTarget "MissionAppStore" */ = {
			isa = XCConfigurationList;
			buildConfigurations = (
				6403C4B72B26F839009D40DD /* Debug */,
				6403C4B82B26F839009D40DD /* Release */,
			);
			defaultConfigurationIsVisible = 0;
			defaultConfigurationName = Release;
		};
/* End XCConfigurationList section */
	};
	rootObject = 6403C4A02B26F838009D40DD /* Project object */;
}
